
Microsoft Visual Studio Solution File, Format Version 12.00
# Visual Studio Version 17
VisualStudioVersion = 17.14.36408.4 d17.14
MinimumVisualStudioVersion = 10.0.40219.1
Project("{54A90642-561A-4BB1-A94E-469ADEE60C69}") = "easydeal.client", "easydeal.client\easydeal.client.esproj", "{067FFC40-244C-CDB6-39DB-B3432136AAC8}"
EndProject
Project("{FAE04EC0-301F-11D3-BF4B-00C04F79EFBC}") = "EasyDeal.Server", "EasyDeal.Server\EasyDeal.Server.csproj", "{698CCDC4-894B-452C-9A9A-262FA1C07B80}"
EndProject
Global
	GlobalSection(SolutionConfigurationPlatforms) = preSolution
		Debug|Any CPU = Debug|Any CPU
		Release|Any CPU = Release|Any CPU
	EndGlobalSection
	GlobalSection(ProjectConfigurationPlatforms) = postSolution
		{067FFC40-244C-CDB6-39DB-B3432136AAC8}.Debug|Any CPU.ActiveCfg = Debug|Any CPU
		{067FFC40-244C-CDB6-39DB-B3432136AAC8}.Debug|Any CPU.Build.0 = Debug|Any CPU
		{067FFC40-244C-CDB6-39DB-B3432136AAC8}.Debug|Any CPU.Deploy.0 = Debug|Any CPU
		{067FFC40-244C-CDB6-39DB-B3432136AAC8}.Release|Any CPU.ActiveCfg = Release|Any CPU
		{067FFC40-244C-CDB6-39DB-B3432136AAC8}.Release|Any CPU.Build.0 = Release|Any CPU
		{067FFC40-244C-CDB6-39DB-B3432136AAC8}.Release|Any CPU.Deploy.0 = Release|Any CPU
		{698CCDC4-894B-452C-9A9A-262FA1C07B80}.Debug|Any CPU.ActiveCfg = Debug|Any CPU
		{698CCDC4-894B-452C-9A9A-262FA1C07B80}.Debug|Any CPU.Build.0 = Debug|Any CPU
		{698CCDC4-894B-452C-9A9A-262FA1C07B80}.Release|Any CPU.ActiveCfg = Release|Any CPU
		{698CCDC4-894B-452C-9A9A-262FA1C07B80}.Release|Any CPU.Build.0 = Release|Any CPU
	EndGlobalSection
	GlobalSection(SolutionProperties) = preSolution
		HideSolutionNode = FALSE
	EndGlobalSection
	GlobalSection(ExtensibilityGlobals) = postSolution
		SolutionGuid = {17B3B862-0DC8-435B-9D62-12D666D29E91}
	EndGlobalSection
EndGlobal
